// !$*UTF8*$!
{
	archiveVersion = 1;
	classes = {
	};
	objectVersion = 50;
	objects = {

/* Begin PBXBuildFile section */
		79C105DC218193130055A964 /* AppDelegate.swift in Sources */ = {isa = PBXBuildFile; fileRef = 79C105DB218193130055A964 /* AppDelegate.swift */; };
		79C105DE218193130055A964 /* ViewController.swift in Sources */ = {isa = PBXBuildFile; fileRef = 79C105DD218193130055A964 /* ViewController.swift */; };
		79C105E1218193130055A964 /* Main.storyboard in Resources */ = {isa = PBXBuildFile; fileRef = 79C105DF218193130055A964 /* Main.storyboard */; };
		79C105E3218193140055A964 /* Assets.xcassets in Resources */ = {isa = PBXBuildFile; fileRef = 79C105E2218193140055A964 /* Assets.xcassets */; };
		79C105E6218193140055A964 /* LaunchScreen.storyboard in Resources */ = {isa = PBXBuildFile; fileRef = 79C105E4218193140055A964 /* LaunchScreen.storyboard */; };
		79C105F42181932A0055A964 /* Messages.framework in Frameworks */ = {isa = PBXBuildFile; fileRef = 79C105F32181932A0055A964 /* Messages.framework */; };
		79C105F72181932A0055A964 /* MessagesViewController.swift in Sources */ = {isa = PBXBuildFile; fileRef = 79C105F62181932A0055A964 /* MessagesViewController.swift */; };
		79C105FA2181932A0055A964 /* MainInterface.storyboard in Resources */ = {isa = PBXBuildFile; fileRef = 79C105F82181932A0055A964 /* MainInterface.storyboard */; };
		79C105FC2181932B0055A964 /* Assets.xcassets in Resources */ = {isa = PBXBuildFile; fileRef = 79C105FB2181932B0055A964 /* Assets.xcassets */; };
		79C106002181932B0055A964 /* DrinkVoteMessageExtension.appex in Embed App Extensions */ = {isa = PBXBuildFile; fileRef = 79C105F12181932A0055A964 /* DrinkVoteMessageExtension.appex */; settings = {ATTRIBUTES = (RemoveHeadersOnCopy, ); }; };
		79C10609218195C70055A964 /* star.png in Resources */ = {isa = PBXBuildFile; fileRef = 79C10605218195C60055A964 /* star.png */; };
		79C1060A218195C70055A964 /* confetti.png in Resources */ = {isa = PBXBuildFile; fileRef = 79C10606218195C60055A964 /* confetti.png */; };
		79C1060B218195C70055A964 /* diamond.png in Resources */ = {isa = PBXBuildFile; fileRef = 79C10607218195C60055A964 /* diamond.png */; };
		79C1060C218195C70055A964 /* triangle.png in Resources */ = {isa = PBXBuildFile; fileRef = 79C10608218195C60055A964 /* triangle.png */; };
		79C10610218196220055A964 /* MenuCollectionViewController.swift in Sources */ = {isa = PBXBuildFile; fileRef = 79C1060D218196220055A964 /* MenuCollectionViewController.swift */; };
		79C10611218196220055A964 /* ConfittiView.swift in Sources */ = {isa = PBXBuildFile; fileRef = 79C1060E218196220055A964 /* ConfittiView.swift */; };
		79C10612218196220055A964 /* VoteViewController.swift in Sources */ = {isa = PBXBuildFile; fileRef = 79C1060F218196220055A964 /* VoteViewController.swift */; };
		79C106152181962C0055A964 /* DataManager.swift in Sources */ = {isa = PBXBuildFile; fileRef = 79C106132181962C0055A964 /* DataManager.swift */; };
		79C106162181962C0055A964 /* VoteData.swift in Sources */ = {isa = PBXBuildFile; fileRef = 79C106142181962C0055A964 /* VoteData.swift */; };
/* End PBXBuildFile section */

/* Begin PBXContainerItemProxy section */
		79C105FE2181932B0055A964 /* PBXContainerItemProxy */ = {
			isa = PBXContainerItemProxy;
			containerPortal = 79C105D0218193130055A964 /* Project object */;
			proxyType = 1;
			remoteGlobalIDString = 79C105F02181932A0055A964;
			remoteInfo = DrinkVoteMessageExtension;
		};
/* End PBXContainerItemProxy section */

/* Begin PBXCopyFilesBuildPhase section */
		79C106042181932B0055A964 /* Embed App Extensions */ = {
			isa = PBXCopyFilesBuildPhase;
			buildActionMask = 2147483647;
			dstPath = "";
			dstSubfolderSpec = 13;
			files = (
				79C106002181932B0055A964 /* DrinkVoteMessageExtension.appex in Embed App Extensions */,
			);
			name = "Embed App Extensions";
			runOnlyForDeploymentPostprocessing = 0;
		};
/* End PBXCopyFilesBuildPhase section */

/* Begin PBXFileReference section */
		79C105D8218193130055A964 /* DrinkVote.app */ = {isa = PBXFileReference; explicitFileType = wrapper.application; includeInIndex = 0; path = DrinkVote.app; sourceTree = BUILT_PRODUCTS_DIR; };
		79C105DB218193130055A964 /* AppDelegate.swift */ = {isa = PBXFileReference; lastKnownFileType = sourcecode.swift; path = AppDelegate.swift; sourceTree = "<group>"; };
		79C105DD218193130055A964 /* ViewController.swift */ = {isa = PBXFileReference; lastKnownFileType = sourcecode.swift; path = ViewController.swift; sourceTree = "<group>"; };
		79C105E0218193130055A964 /* Base */ = {isa = PBXFileReference; lastKnownFileType = file.storyboard; name = Base; path = Base.lproj/Main.storyboard; sourceTree = "<group>"; };
		79C105E2218193140055A964 /* Assets.xcassets */ = {isa = PBXFileReference; lastKnownFileType = folder.assetcatalog; path = Assets.xcassets; sourceTree = "<group>"; };
		79C105E5218193140055A964 /* Base */ = {isa = PBXFileReference; lastKnownFileType = file.storyboard; name = Base; path = Base.lproj/LaunchScreen.storyboard; sourceTree = "<group>"; };
		79C105E7218193140055A964 /* Info.plist */ = {isa = PBXFileReference; lastKnownFileType = text.plist.xml; path = Info.plist; sourceTree = "<group>"; };
		79C105F12181932A0055A964 /* DrinkVoteMessageExtension.appex */ = {isa = PBXFileReference; explicitFileType = "wrapper.app-extension"; includeInIndex = 0; path = DrinkVoteMessageExtension.appex; sourceTree = BUILT_PRODUCTS_DIR; };
		79C105F32181932A0055A964 /* Messages.framework */ = {isa = PBXFileReference; lastKnownFileType = wrapper.framework; name = Messages.framework; path = System/Library/Frameworks/Messages.framework; sourceTree = SDKROOT; };
		79C105F62181932A0055A964 /* MessagesViewController.swift */ = {isa = PBXFileReference; lastKnownFileType = sourcecode.swift; path = MessagesViewController.swift; sourceTree = "<group>"; };
		79C105F92181932A0055A964 /* Base */ = {isa = PBXFileReference; lastKnownFileType = file.storyboard; name = Base; path = Base.lproj/MainInterface.storyboard; sourceTree = "<group>"; };
		79C105FB2181932B0055A964 /* Assets.xcassets */ = {isa = PBXFileReference; lastKnownFileType = folder.assetcatalog; path = Assets.xcassets; sourceTree = "<group>"; };
		79C105FD2181932B0055A964 /* Info.plist */ = {isa = PBXFileReference; lastKnownFileType = text.plist.xml; path = Info.plist; sourceTree = "<group>"; };
		79C10605218195C60055A964 /* star.png */ = {isa = PBXFileReference; lastKnownFileType = image.png; path = star.png; sourceTree = "<group>"; };
		79C10606218195C60055A964 /* confetti.png */ = {isa = PBXFileReference; lastKnownFileType = image.png; path = confetti.png; sourceTree = "<group>"; };
		79C10607218195C60055A964 /* diamond.png */ = {isa = PBXFileReference; lastKnownFileType = image.png; path = diamond.png; sourceTree = "<group>"; };
		79C10608218195C60055A964 /* triangle.png */ = {isa = PBXFileReference; lastKnownFileType = image.png; path = triangle.png; sourceTree = "<group>"; };
		79C1060D218196220055A964 /* MenuCollectionViewController.swift */ = {isa = PBXFileReference; fileEncoding = 4; lastKnownFileType = sourcecode.swift; path = MenuCollectionViewController.swift; sourceTree = "<group>"; };
		79C1060E218196220055A964 /* ConfittiView.swift */ = {isa = PBXFileReference; fileEncoding = 4; lastKnownFileType = sourcecode.swift; path = ConfittiView.swift; sourceTree = "<group>"; };
		79C1060F218196220055A964 /* VoteViewController.swift */ = {isa = PBXFileReference; fileEncoding = 4; lastKnownFileType = sourcecode.swift; path = VoteViewController.swift; sourceTree = "<group>"; };
		79C106132181962C0055A964 /* DataManager.swift */ = {isa = PBXFileReference; fileEncoding = 4; lastKnownFileType = sourcecode.swift; path = DataManager.swift; sourceTree = "<group>"; };
		79C106142181962C0055A964 /* VoteData.swift */ = {isa = PBXFileReference; fileEncoding = 4; lastKnownFileType = sourcecode.swift; path = VoteData.swift; sourceTree = "<group>"; };
/* End PBXFileReference section */

/* Begin PBXFrameworksBuildPhase section */
		79C105D5218193130055A964 /* Frameworks */ = {
			isa = PBXFrameworksBuildPhase;
			buildActionMask = 2147483647;
			files = (
			);
			runOnlyForDeploymentPostprocessing = 0;
		};
		79C105EE2181932A0055A964 /* Frameworks */ = {
			isa = PBXFrameworksBuildPhase;
			buildActionMask = 2147483647;
			files = (
				79C105F42181932A0055A964 /* Messages.framework in Frameworks */,
			);
			runOnlyForDeploymentPostprocessing = 0;
		};
/* End PBXFrameworksBuildPhase section */

/* Begin PBXGroup section */
		79C105CF218193130055A964 = {
			isa = PBXGroup;
			children = (
				79C105DA218193130055A964 /* DrinkVote */,
				79C105F52181932A0055A964 /* DrinkVoteMessageExtension */,
				79C105F22181932A0055A964 /* Frameworks */,
				79C105D9218193130055A964 /* Products */,
			);
			sourceTree = "<group>";
		};
		79C105D9218193130055A964 /* Products */ = {
			isa = PBXGroup;
			children = (
				79C105D8218193130055A964 /* DrinkVote.app */,
				79C105F12181932A0055A964 /* DrinkVoteMessageExtension.appex */,
			);
			name = Products;
			sourceTree = "<group>";
		};
		79C105DA218193130055A964 /* DrinkVote */ = {
			isa = PBXGroup;
			children = (
				79C105DB218193130055A964 /* AppDelegate.swift */,
				79C105DD218193130055A964 /* ViewController.swift */,
				79C105DF218193130055A964 /* Main.storyboard */,
				79C105E2218193140055A964 /* Assets.xcassets */,
				79C105E4218193140055A964 /* LaunchScreen.storyboard */,
				79C105E7218193140055A964 /* Info.plist */,
			);
			path = DrinkVote;
			sourceTree = "<group>";
		};
		79C105F22181932A0055A964 /* Frameworks */ = {
			isa = PBXGroup;
			children = (
				79C105F32181932A0055A964 /* Messages.framework */,
			);
			name = Frameworks;
			sourceTree = "<group>";
		};
		79C105F52181932A0055A964 /* DrinkVoteMessageExtension */ = {
			isa = PBXGroup;
			children = (
				79C105F62181932A0055A964 /* MessagesViewController.swift */,
				79C1060E218196220055A964 /* ConfittiView.swift */,
				79C1060D218196220055A964 /* MenuCollectionViewController.swift */,
				79C1060F218196220055A964 /* VoteViewController.swift */,
				79C105F82181932A0055A964 /* MainInterface.storyboard */,
				79C106132181962C0055A964 /* DataManager.swift */,
				79C106142181962C0055A964 /* VoteData.swift */,
				79C105FB2181932B0055A964 /* Assets.xcassets */,
				79C105FD2181932B0055A964 /* Info.plist */,
				79C10606218195C60055A964 /* confetti.png */,
				79C10607218195C60055A964 /* diamond.png */,
				79C10605218195C60055A964 /* star.png */,
				79C10608218195C60055A964 /* triangle.png */,
			);
			path = DrinkVoteMessageExtension;
			sourceTree = "<group>";
		};
/* End PBXGroup section */

/* Begin PBXNativeTarget section */
		79C105D7218193130055A964 /* DrinkVote */ = {
			isa = PBXNativeTarget;
			buildConfigurationList = 79C105EA218193140055A964 /* Build configuration list for PBXNativeTarget "DrinkVote" */;
			buildPhases = (
				79C105D4218193130055A964 /* Sources */,
				79C105D5218193130055A964 /* Frameworks */,
				79C105D6218193130055A964 /* Resources */,
				79C106042181932B0055A964 /* Embed App Extensions */,
			);
			buildRules = (
			);
			dependencies = (
				79C105FF2181932B0055A964 /* PBXTargetDependency */,
			);
			name = DrinkVote;
			productName = DrinkVote;
			productReference = 79C105D8218193130055A964 /* DrinkVote.app */;
			productType = "com.apple.product-type.application";
		};
		79C105F02181932A0055A964 /* DrinkVoteMessageExtension */ = {
			isa = PBXNativeTarget;
			buildConfigurationList = 79C106012181932B0055A964 /* Build configuration list for PBXNativeTarget "DrinkVoteMessageExtension" */;
			buildPhases = (
				79C105ED2181932A0055A964 /* Sources */,
				79C105EE2181932A0055A964 /* Frameworks */,
				79C105EF2181932A0055A964 /* Resources */,
			);
			buildRules = (
			);
			dependencies = (
			);
			name = DrinkVoteMessageExtension;
			productName = DrinkVoteMessageExtension;
			productReference = 79C105F12181932A0055A964 /* DrinkVoteMessageExtension.appex */;
			productType = "com.apple.product-type.app-extension.messages";
		};
/* End PBXNativeTarget section */

/* Begin PBXProject section */
		79C105D0218193130055A964 /* Project object */ = {
			isa = PBXProject;
			attributes = {
				LastSwiftUpdateCheck = 1000;
				LastUpgradeCheck = 1000;
				ORGANIZATIONNAME = "Quoc Nguyen";
				TargetAttributes = {
					79C105D7218193130055A964 = {
						CreatedOnToolsVersion = 10.0;
					};
					79C105F02181932A0055A964 = {
						CreatedOnToolsVersion = 10.0;
					};
				};
			};
			buildConfigurationList = 79C105D3218193130055A964 /* Build configuration list for PBXProject "DrinkVote" */;
			compatibilityVersion = "Xcode 9.3";
			developmentRegion = en;
			hasScannedForEncodings = 0;
			knownRegions = (
				en,
				Base,
			);
			mainGroup = 79C105CF218193130055A964;
			productRefGroup = 79C105D9218193130055A964 /* Products */;
			projectDirPath = "";
			projectRoot = "";
			targets = (
				79C105D7218193130055A964 /* DrinkVote */,
				79C105F02181932A0055A964 /* DrinkVoteMessageExtension */,
			);
		};
/* End PBXProject section */

/* Begin PBXResourcesBuildPhase section */
		79C105D6218193130055A964 /* Resources */ = {
			isa = PBXResourcesBuildPhase;
			buildActionMask = 2147483647;
			files = (
				79C105E6218193140055A964 /* LaunchScreen.storyboard in Resources */,
				79C105E3218193140055A964 /* Assets.xcassets in Resources */,
				79C105E1218193130055A964 /* Main.storyboard in Resources */,
			);
			runOnlyForDeploymentPostprocessing = 0;
		};
		79C105EF2181932A0055A964 /* Resources */ = {
			isa = PBXResourcesBuildPhase;
			buildActionMask = 2147483647;
			files = (
				79C105FC2181932B0055A964 /* Assets.xcassets in Resources */,
				79C1060C218195C70055A964 /* triangle.png in Resources */,
				79C1060B218195C70055A964 /* diamond.png in Resources */,
				79C105FA2181932A0055A964 /* MainInterface.storyboard in Resources */,
				79C10609218195C70055A964 /* star.png in Resources */,
				79C1060A218195C70055A964 /* confetti.png in Resources */,
			);
			runOnlyForDeploymentPostprocessing = 0;
		};
/* End PBXResourcesBuildPhase section */

/* Begin PBXSourcesBuildPhase section */
		79C105D4218193130055A964 /* Sources */ = {
			isa = PBXSourcesBuildPhase;
			buildActionMask = 2147483647;
			files = (
				79C105DE218193130055A964 /* ViewController.swift in Sources */,
				79C105DC218193130055A964 /* AppDelegate.swift in Sources */,
			);
			runOnlyForDeploymentPostprocessing = 0;
		};
		79C105ED2181932A0055A964 /* Sources */ = {
			isa = PBXSourcesBuildPhase;
			buildActionMask = 2147483647;
			files = (
				79C10612218196220055A964 /* VoteViewController.swift in Sources */,
				79C106152181962C0055A964 /* DataManager.swift in Sources */,
				79C105F72181932A0055A964 /* MessagesViewController.swift in Sources */,
				79C10610218196220055A964 /* MenuCollectionViewController.swift in Sources */,
				79C10611218196220055A964 /* ConfittiView.swift in Sources */,
				79C106162181962C0055A964 /* VoteData.swift in Sources */,
			);
			runOnlyForDeploymentPostprocessing = 0;
		};
/* End PBXSourcesBuildPhase section */

/* Begin PBXTargetDependency section */
		79C105FF2181932B0055A964 /* PBXTargetDependency */ = {
			isa = PBXTargetDependency;
			target = 79C105F02181932A0055A964 /* DrinkVoteMessageExtension */;
			targetProxy = 79C105FE2181932B0055A964 /* PBXContainerItemProxy */;
		};
/* End PBXTargetDependency section */

/* Begin PBXVariantGroup section */
		79C105DF218193130055A964 /* Main.storyboard */ = {
			isa = PBXVariantGroup;
			children = (
				79C105E0218193130055A964 /* Base */,
			);
			name = Main.storyboard;
			sourceTree = "<group>";
		};
		79C105E4218193140055A964 /* LaunchScreen.storyboard */ = {
			isa = PBXVariantGroup;
			children = (
				79C105E5218193140055A964 /* Base */,
			);
			name = LaunchScreen.storyboard;
			sourceTree = "<group>";
		};
		79C105F82181932A0055A964 /* MainInterface.storyboard */ = {
			isa = PBXVariantGroup;
			children = (
				79C105F92181932A0055A964 /* Base */,
			);
			name = MainInterface.storyboard;
			sourceTree = "<group>";
		};
/* End PBXVariantGroup section */

/* Begin XCBuildConfiguration section */
		79C105E8218193140055A964 /* Debug */ = {
			isa = XCBuildConfiguration;
			buildSettings = {
				ALWAYS_SEARCH_USER_PATHS = NO;
				CLANG_ANALYZER_NONNULL = YES;
				CLANG_ANALYZER_NUMBER_OBJECT_CONVERSION = YES_AGGRESSIVE;
				CLANG_CXX_LANGUAGE_STANDARD = "gnu++14";
				CLANG_CXX_LIBRARY = "libc++";
				CLANG_ENABLE_MODULES = YES;
				CLANG_ENABLE_OBJC_ARC = YES;
				CLANG_ENABLE_OBJC_WEAK = YES;
				CLANG_WARN_BLOCK_CAPTURE_AUTORELEASING = YES;
				CLANG_WARN_BOOL_CONVERSION = YES;
				CLANG_WARN_COMMA = YES;
				CLANG_WARN_CONSTANT_CONVERSION = YES;
				CLANG_WARN_DEPRECATED_OBJC_IMPLEMENTATIONS = YES;
				CLANG_WARN_DIRECT_OBJC_ISA_USAGE = YES_ERROR;
				CLANG_WARN_DOCUMENTATION_COMMENTS = YES;
				CLANG_WARN_EMPTY_BODY = YES;
				CLANG_WARN_ENUM_CONVERSION = YES;
				CLANG_WARN_INFINITE_RECURSION = YES;
				CLANG_WARN_INT_CONVERSION = YES;
				CLANG_WARN_NON_LITERAL_NULL_CONVERSION = YES;
				CLANG_WARN_OBJC_IMPLICIT_RETAIN_SELF = YES;
				CLANG_WARN_OBJC_LITERAL_CONVERSION = YES;
				CLANG_WARN_OBJC_ROOT_CLASS = YES_ERROR;
				CLANG_WARN_RANGE_LOOP_ANALYSIS = YES;
				CLANG_WARN_STRICT_PROTOTYPES = YES;
				CLANG_WARN_SUSPICIOUS_MOVE = YES;
				CLANG_WARN_UNGUARDED_AVAILABILITY = YES_AGGRESSIVE;
				CLANG_WARN_UNREACHABLE_CODE = YES;
				CLANG_WARN__DUPLICATE_METHOD_MATCH = YES;
				CODE_SIGN_IDENTITY = "iPhone Developer";
				COPY_PHASE_STRIP = NO;
				DEBUG_INFORMATION_FORMAT = dwarf;
				ENABLE_STRICT_OBJC_MSGSEND = YES;
				ENABLE_TESTABILITY = YES;
				GCC_C_LANGUAGE_STANDARD = gnu11;
				GCC_DYNAMIC_NO_PIC = NO;
				GCC_NO_COMMON_BLOCKS = YES;
				GCC_OPTIMIZATION_LEVEL = 0;
				GCC_PREPROCESSOR_DEFINITIONS = (
					"DEBUG=1",
					"$(inherited)",
				);
				GCC_WARN_64_TO_32_BIT_CONVERSION = YES;
				GCC_WARN_ABOUT_RETURN_TYPE = YES_ERROR;
				GCC_WARN_UNDECLARED_SELECTOR = YES;
				GCC_WARN_UNINITIALIZED_AUTOS = YES_AGGRESSIVE;
				GCC_WARN_UNUSED_FUNCTION = YES;
				GCC_WARN_UNUSED_VARIABLE = YES;
				IPHONEOS_DEPLOYMENT_TARGET = 12.0;
				MTL_ENABLE_DEBUG_INFO = INCLUDE_SOURCE;
				MTL_FAST_MATH = YES;
				ONLY_ACTIVE_ARCH = YES;
				SDKROOT = iphoneos;
				SWIFT_ACTIVE_COMPILATION_CONDITIONS = DEBUG;
				SWIFT_OPTIMIZATION_LEVEL = "-Onone";
			};
			name = Debug;
		};
		79C105E9218193140055A964 /* Release */ = {
			isa = XCBuildConfiguration;
			buildSettings = {
				ALWAYS_SEARCH_USER_PATHS = NO;
				CLANG_ANALYZER_NONNULL = YES;
				CLANG_ANALYZER_NUMBER_OBJECT_CONVERSION = YES_AGGRESSIVE;
				CLANG_CXX_LANGUAGE_STANDARD = "gnu++14";
				CLANG_CXX_LIBRARY = "libc++";
				CLANG_ENABLE_MODULES = YES;
				CLANG_ENABLE_OBJC_ARC = YES;
				CLANG_ENABLE_OBJC_WEAK = YES;
				CLANG_WARN_BLOCK_CAPTURE_AUTORELEASING = YES;
				CLANG_WARN_BOOL_CONVERSION = YES;
				CLANG_WARN_COMMA = YES;
				CLANG_WARN_CONSTANT_CONVERSION = YES;
				CLANG_WARN_DEPRECATED_OBJC_IMPLEMENTATIONS = YES;
				CLANG_WARN_DIRECT_OBJC_ISA_USAGE = YES_ERROR;
				CLANG_WARN_DOCUMENTATION_COMMENTS = YES;
				CLANG_WARN_EMPTY_BODY = YES;
				CLANG_WARN_ENUM_CONVERSION = YES;
				CLANG_WARN_INFINITE_RECURSION = YES;
				CLANG_WARN_INT_CONVERSION = YES;
				CLANG_WARN_NON_LITERAL_NULL_CONVERSION = YES;
				CLANG_WARN_OBJC_IMPLICIT_RETAIN_SELF = YES;
				CLANG_WARN_OBJC_LITERAL_CONVERSION = YES;
				CLANG_WARN_OBJC_ROOT_CLASS = YES_ERROR;
				CLANG_WARN_RANGE_LOOP_ANALYSIS = YES;
				CLANG_WARN_STRICT_PROTOTYPES = YES;
				CLANG_WARN_SUSPICIOUS_MOVE = YES;
				CLANG_WARN_UNGUARDED_AVAILABILITY = YES_AGGRESSIVE;
				CLANG_WARN_UNREACHABLE_CODE = YES;
				CLANG_WARN__DUPLICATE_METHOD_MATCH = YES;
				CODE_SIGN_IDENTITY = "iPhone Developer";
				COPY_PHASE_STRIP = NO;
				DEBUG_INFORMATION_FORMAT = "dwarf-with-dsym";
				ENABLE_NS_ASSERTIONS = NO;
				ENABLE_STRICT_OBJC_MSGSEND = YES;
				GCC_C_LANGUAGE_STANDARD = gnu11;
				GCC_NO_COMMON_BLOCKS = YES;
				GCC_WARN_64_TO_32_BIT_CONVERSION = YES;
				GCC_WARN_ABOUT_RETURN_TYPE = YES_ERROR;
				GCC_WARN_UNDECLARED_SELECTOR = YES;
				GCC_WARN_UNINITIALIZED_AUTOS = YES_AGGRESSIVE;
				GCC_WARN_UNUSED_FUNCTION = YES;
				GCC_WARN_UNUSED_VARIABLE = YES;
				IPHONEOS_DEPLOYMENT_TARGET = 12.0;
				MTL_ENABLE_DEBUG_INFO = NO;
				MTL_FAST_MATH = YES;
				SDKROOT = iphoneos;
				SWIFT_COMPILATION_MODE = wholemodule;
				SWIFT_OPTIMIZATION_LEVEL = "-O";
				VALIDATE_PRODUCT = YES;
			};
			name = Release;
		};
		79C105EB218193140055A964 /* Debug */ = {
			isa = XCBuildConfiguration;
			buildSettings = {
				ALWAYS_EMBED_SWIFT_STANDARD_LIBRARIES = YES;
				ASSETCATALOG_COMPILER_APPICON_NAME = AppIcon;
				CODE_SIGN_IDENTITY = "iPhone Distribution";
				CODE_SIGN_STYLE = Manual;
				DEVELOPMENT_TEAM = 75M24V2QJ2;
				INFOPLIST_FILE = DrinkVote/Info.plist;
				IPHONEOS_DEPLOYMENT_TARGET = 11.0;
				LD_RUNPATH_SEARCH_PATHS = (
					"$(inherited)",
					"@executable_path/Frameworks",
				);
				PRODUCT_BUNDLE_IDENTIFIER = com.sothink.drinkvote;
				PRODUCT_NAME = "$(TARGET_NAME)";
				PROVISIONING_PROFILE_SPECIFIER = "Drink Vote";
				SWIFT_VERSION = 4.2;
				TARGETED_DEVICE_FAMILY = 1;
			};
			name = Debug;
		};
		79C105EC218193140055A964 /* Release */ = {
			isa = XCBuildConfiguration;
			buildSettings = {
				ALWAYS_EMBED_SWIFT_STANDARD_LIBRARIES = YES;
				ASSETCATALOG_COMPILER_APPICON_NAME = AppIcon;
				CODE_SIGN_IDENTITY = "iPhone Distribution";
				CODE_SIGN_STYLE = Manual;
				DEVELOPMENT_TEAM = 75M24V2QJ2;
				INFOPLIST_FILE = DrinkVote/Info.plist;
				IPHONEOS_DEPLOYMENT_TARGET = 11.0;
				LD_RUNPATH_SEARCH_PATHS = (
					"$(inherited)",
					"@executable_path/Frameworks",
				);
				PRODUCT_BUNDLE_IDENTIFIER = com.sothink.drinkvote;
				PRODUCT_NAME = "$(TARGET_NAME)";
				PROVISIONING_PROFILE_SPECIFIER = "Drink Vote";
				SWIFT_VERSION = 4.2;
				TARGETED_DEVICE_FAMILY = 1;
			};
			name = Release;
		};
		79C106022181932B0055A964 /* Debug */ = {
			isa = XCBuildConfiguration;
			buildSettings = {
				ASSETCATALOG_COMPILER_APPICON_NAME = "iMessage App Icon";
				CODE_SIGN_IDENTITY = "iPhone Distribution";
				CODE_SIGN_STYLE = Manual;
				DEVELOPMENT_TEAM = 75M24V2QJ2;
				INFOPLIST_FILE = DrinkVoteMessageExtension/Info.plist;
				IPHONEOS_DEPLOYMENT_TARGET = 11.0;
				LD_RUNPATH_SEARCH_PATHS = (
					"$(inherited)",
					"@executable_path/Frameworks",
					"@executable_path/../../Frameworks",
				);
				PRODUCT_BUNDLE_IDENTIFIER = com.sothink.drinkvote.DrinkVoteMessageExtension;
				PRODUCT_NAME = "$(TARGET_NAME)";
				PROVISIONING_PROFILE_SPECIFIER = "Drink Vote iMessage";
				SKIP_INSTALL = YES;
				SWIFT_VERSION = 4.2;
				TARGETED_DEVICE_FAMILY = 1;
			};
			name = Debug;
		};
		79C106032181932B0055A964 /* Release */ = {
			isa = XCBuildConfiguration;
			buildSettings = {
				ASSETCATALOG_COMPILER_APPICON_NAME = "iMessage App Icon";
				CODE_SIGN_IDENTITY = "iPhone Distribution";
				CODE_SIGN_STYLE = Manual;
				DEVELOPMENT_TEAM = 75M24V2QJ2;
				INFOPLIST_FILE = DrinkVoteMessageExtension/Info.plist;
				IPHONEOS_DEPLOYMENT_TARGET = 11.0;
				LD_RUNPATH_SEARCH_PATHS = (
					"$(inherited)",
					"@executable_path/Frameworks",
					"@executable_path/../../Frameworks",
				);
				PRODUCT_BUNDLE_IDENTIFIER = com.sothink.drinkvote.DrinkVoteMessageExtension;
				PRODUCT_NAME = "$(TARGET_NAME)";
				PROVISIONING_PROFILE_SPECIFIER = "Drink Vote iMessage";
				SKIP_INSTALL = YES;
				SWIFT_VERSION = 4.2;
				TARGETED_DEVICE_FAMILY = 1;
			};
			name = Release;
		};
/* End XCBuildConfiguration section */

/* Begin XCConfigurationList section */
		79C105D3218193130055A964 /* Build configuration list for PBXProject "DrinkVote" */ = {
			isa = XCConfigurationList;
			buildConfigurations = (
				79C105E8218193140055A964 /* Debug */,
				79C105E9218193140055A964 /* Release */,
			);
			defaultConfigurationIsVisible = 0;
			defaultConfigurationName = Release;
		};
		79C105EA218193140055A964 /* Build configuration list for PBXNativeTarget "DrinkVote" */ = {
			isa = XCConfigurationList;
			buildConfigurations = (
				79C105EB218193140055A964 /* Debug */,
				79C105EC218193140055A964 /* Release */,
			);
			defaultConfigurationIsVisible = 0;
			defaultConfigurationName = Release;
		};
		79C106012181932B0055A964 /* Build configuration list for PBXNativeTarget "DrinkVoteMessageExtension" */ = {
			isa = XCConfigurationList;
			buildConfigurations = (
				79C106022181932B0055A964 /* Debug */,
				79C106032181932B0055A964 /* Release */,
			);
			defaultConfigurationIsVisible = 0;
			defaultConfigurationName = Release;
		};
/* End XCConfigurationList section */
	};
	rootObject = 79C105D0218193130055A964 /* Project object */;
}
